# This file is autogenerated, do not edit; changes may be undone by the next 'dep ensure'.


[[projects]]
  name = "github.com/GannettDigital/graphql"
  packages = ["."]
  revision = "1e23489041ba90a66f317fe0deccb236a2fff3cb"
  version = "v0.7.5"

[[projects]]
  name = "github.com/graphql-go/graphql"
  packages = [
    "gqlerrors",
    "language/ast",
    "language/kinds",
    "language/lexer",
    "language/location",
    "language/parser",
    "language/printer",
    "language/source",
    "language/typeInfo",
    "language/visitor"
  ]
  revision = "1e23489041ba90a66f317fe0deccb236a2fff3cb"
  version = "v0.7.5"

[solve-meta]
  analyzer-name = "dep"
  analyzer-version = 1
  inputs-digest = "012c7adb18cc8413b3673859c1b151a0188af140671c96669974ac29d74e5d7f"
  solver-name = "gps-cdcl"
  solver-version = 1
