# This file is autogenerated, do not edit; changes may be undone by the next 'dep ensure'.


[[projects]]
  branch = "master"
  name = "github.com/GannettDigital/graphql"
  packages = [
    ".",
    "gqlerrors",
    "language/ast",
    "language/kinds",
    "language/lexer",
    "language/location",
    "language/parser",
    "language/printer",
    "language/source",
    "language/typeInfo",
    "language/visitor"
  ]
  revision = "69afe7345de27eb1932c40e2d1c9d0cec1ac6b56"

[solve-meta]
  analyzer-name = "dep"
  analyzer-version = 1
  inputs-digest = "df2154a452f9833d74c89d8e846a2604835734067da16d2559cae5d3cbe971a5"
  solver-name = "gps-cdcl"
  solver-version = 1
